
Microsoft Visual Studio Solution File, Format Version 12.00
# Visual Studio 15
VisualStudioVersion = 15.0.27130.2024
MinimumVisualStudioVersion = 10.0.40219.1
Project("{FAE04EC0-301F-11D3-BF4B-00C04F79EFBC}") = "Server", "Server\Server.csproj", "{57323496-D040-4E00-960B-F8710C83B012}"
EndProject
Project("{FAE04EC0-301F-11D3-BF4B-00C04F79EFBC}") = "Client", "Client\Client.csproj", "{5ECE25E8-D4FE-4BED-B1DB-144B5A76917E}"
	ProjectSection(ProjectDependencies) = postProject
		{57323496-D040-4E00-960B-F8710C83B012} = {57323496-D040-4E00-960B-F8710C83B012}
	EndProjectSection
EndProject
Project("{FAE04EC0-301F-11D3-BF4B-00C04F79EFBC}") = "Observer", "Observer\Observer.csproj", "{DD3F229F-C76D-4E40-95BF-2539D1013A38}"
	ProjectSection(ProjectDependencies) = postProject
		{57323496-D040-4E00-960B-F8710C83B012} = {57323496-D040-4E00-960B-F8710C83B012}
	EndProjectSection
EndProject
Global
	GlobalSection(SolutionConfigurationPlatforms) = preSolution
		Debug|Any CPU = Debug|Any CPU
		Release|Any CPU = Release|Any CPU
	EndGlobalSection
	GlobalSection(ProjectConfigurationPlatforms) = postSolution
		{57323496-D040-4E00-960B-F8710C83B012}.Debug|Any CPU.ActiveCfg = Debug|Any CPU
		{57323496-D040-4E00-960B-F8710C83B012}.Debug|Any CPU.Build.0 = Debug|Any CPU
		{57323496-D040-4E00-960B-F8710C83B012}.Release|Any CPU.ActiveCfg = Release|Any CPU
		{57323496-D040-4E00-960B-F8710C83B012}.Release|Any CPU.Build.0 = Release|Any CPU
		{5ECE25E8-D4FE-4BED-B1DB-144B5A76917E}.Debug|Any CPU.ActiveCfg = Debug|Any CPU
		{5ECE25E8-D4FE-4BED-B1DB-144B5A76917E}.Debug|Any CPU.Build.0 = Debug|Any CPU
		{5ECE25E8-D4FE-4BED-B1DB-144B5A76917E}.Release|Any CPU.ActiveCfg = Release|Any CPU
		{5ECE25E8-D4FE-4BED-B1DB-144B5A76917E}.Release|Any CPU.Build.0 = Release|Any CPU
		{DD3F229F-C76D-4E40-95BF-2539D1013A38}.Debug|Any CPU.ActiveCfg = Debug|Any CPU
		{DD3F229F-C76D-4E40-95BF-2539D1013A38}.Debug|Any CPU.Build.0 = Debug|Any CPU
		{DD3F229F-C76D-4E40-95BF-2539D1013A38}.Release|Any CPU.ActiveCfg = Release|Any CPU
		{DD3F229F-C76D-4E40-95BF-2539D1013A38}.Release|Any CPU.Build.0 = Release|Any CPU
	EndGlobalSection
	GlobalSection(SolutionProperties) = preSolution
		HideSolutionNode = FALSE
	EndGlobalSection
	GlobalSection(ExtensibilityGlobals) = postSolution
		SolutionGuid = {BFAA6847-94A6-43D3-B8E5-1F509CEC30F1}
	EndGlobalSection
EndGlobal
